
Microsoft Visual Studio Solution File, Format Version 12.00
Project("{FAE04EC0-301F-11D3-BF4B-00C04F79EFBC}") = "MauiApp1", "MauiApp1\MauiApp1.csproj", "{B9513B17-A922-4C6F-934D-EEEAF8441EB8}"
EndProject
Global
	GlobalSection(SolutionConfigurationPlatforms) = preSolution
		Debug|Any CPU = Debug|Any CPU
		Release|Any CPU = Release|Any CPU
	EndGlobalSection
	GlobalSection(ProjectConfigurationPlatforms) = postSolution
		{B9513B17-A922-4C6F-934D-EEEAF8441EB8}.Debug|Any CPU.ActiveCfg = Debug|Any CPU
		{B9513B17-A922-4C6F-934D-EEEAF8441EB8}.Debug|Any CPU.Build.0 = Debug|Any CPU
		{B9513B17-A922-4C6F-934D-EEEAF8441EB8}.Release|Any CPU.ActiveCfg = Release|Any CPU
		{B9513B17-A922-4C6F-934D-EEEAF8441EB8}.Release|Any CPU.Build.0 = Release|Any CPU
	EndGlobalSection
EndGlobal
